
Microsoft Visual Studio Solution File, Format Version 12.00
# Visual Studio 14
VisualStudioVersion = 14.0.25123.0
MinimumVisualStudioVersion = 10.0.40219.1
Project("{FAE04EC0-301F-11D3-BF4B-00C04F79EFBC}") = "JarvisMarchApp", "JarvisMarchApp\JarvisMarchApp.csproj", "{7A72C736-D78E-470E-BEEE-8D189A3DD94F}"
EndProject
Project("{FAE04EC0-301F-11D3-BF4B-00C04F79EFBC}") = "JarvisMarchLib", "JarvisMarchLib\JarvisMarchLib.csproj", "{6AB86F1C-C0EF-42C0-B86C-910ABC7FAE50}"
EndProject
Global
	GlobalSection(SolutionConfigurationPlatforms) = preSolution
		Debug|Any CPU = Debug|Any CPU
		Release|Any CPU = Release|Any CPU
	EndGlobalSection
	GlobalSection(ProjectConfigurationPlatforms) = postSolution
		{7A72C736-D78E-470E-BEEE-8D189A3DD94F}.Debug|Any CPU.ActiveCfg = Debug|Any CPU
		{7A72C736-D78E-470E-BEEE-8D189A3DD94F}.Debug|Any CPU.Build.0 = Debug|Any CPU
		{7A72C736-D78E-470E-BEEE-8D189A3DD94F}.Release|Any CPU.ActiveCfg = Release|Any CPU
		{7A72C736-D78E-470E-BEEE-8D189A3DD94F}.Release|Any CPU.Build.0 = Release|Any CPU
		{6AB86F1C-C0EF-42C0-B86C-910ABC7FAE50}.Debug|Any CPU.ActiveCfg = Debug|Any CPU
		{6AB86F1C-C0EF-42C0-B86C-910ABC7FAE50}.Debug|Any CPU.Build.0 = Debug|Any CPU
		{6AB86F1C-C0EF-42C0-B86C-910ABC7FAE50}.Release|Any CPU.ActiveCfg = Release|Any CPU
		{6AB86F1C-C0EF-42C0-B86C-910ABC7FAE50}.Release|Any CPU.Build.0 = Release|Any CPU
	EndGlobalSection
	GlobalSection(SolutionProperties) = preSolution
		HideSolutionNode = FALSE
	EndGlobalSection
EndGlobal
